// !$*UTF8*$!
{
	archiveVersion = 1;
	classes = {
	};
	objectVersion = 55;
	objects = {

/* Begin PBXBuildFile section */
		8ACD6D142885D5A2001CFD60 /* AppDelegate.swift in Sources */ = {isa = PBXBuildFile; fileRef = 8ACD6D132885D5A2001CFD60 /* AppDelegate.swift */; };
		8ACD6D162885D5A2001CFD60 /* SceneDelegate.swift in Sources */ = {isa = PBXBuildFile; fileRef = 8ACD6D152885D5A2001CFD60 /* SceneDelegate.swift */; };
		8ACD6D182885D5A2001CFD60 /* NotesViewController.swift in Sources */ = {isa = PBXBuildFile; fileRef = 8ACD6D172885D5A2001CFD60 /* NotesViewController.swift */; };
		8ACD6D1B2885D5A2001CFD60 /* Main.storyboard in Resources */ = {isa = PBXBuildFile; fileRef = 8ACD6D192885D5A2001CFD60 /* Main.storyboard */; };
		8ACD6D1D2885D5A3001CFD60 /* Assets.xcassets in Resources */ = {isa = PBXBuildFile; fileRef = 8ACD6D1C2885D5A3001CFD60 /* Assets.xcassets */; };
		8ACD6D202885D5A3001CFD60 /* LaunchScreen.storyboard in Resources */ = {isa = PBXBuildFile; fileRef = 8ACD6D1E2885D5A3001CFD60 /* LaunchScreen.storyboard */; };
		8ACD6D2B2885D5A3001CFD60 /* NotesTests.swift in Sources */ = {isa = PBXBuildFile; fileRef = 8ACD6D2A2885D5A3001CFD60 /* NotesTests.swift */; };
		8ACD6D352885D5A3001CFD60 /* NotesUITests.swift in Sources */ = {isa = PBXBuildFile; fileRef = 8ACD6D342885D5A3001CFD60 /* NotesUITests.swift */; };
		8ACD6D372885D5A3001CFD60 /* NotesUITestsLaunchTests.swift in Sources */ = {isa = PBXBuildFile; fileRef = 8ACD6D362885D5A3001CFD60 /* NotesUITestsLaunchTests.swift */; };
		8ACD6D452885D64D001CFD60 /* NotesListCell.swift in Sources */ = {isa = PBXBuildFile; fileRef = 8ACD6D432885D64D001CFD60 /* NotesListCell.swift */; };
		8ACD6D462885D64D001CFD60 /* NotesListCell.xib in Resources */ = {isa = PBXBuildFile; fileRef = 8ACD6D442885D64D001CFD60 /* NotesListCell.xib */; };
		8ACD6D482885D8C6001CFD60 /* NoteDetailsViewController.swift in Sources */ = {isa = PBXBuildFile; fileRef = 8ACD6D472885D8C6001CFD60 /* NoteDetailsViewController.swift */; };
		8ACD6D4B2886001E001CFD60 /* NotesManager.swift in Sources */ = {isa = PBXBuildFile; fileRef = 8ACD6D4A2886001E001CFD60 /* NotesManager.swift */; };
		8ACD6D4E2886003C001CFD60 /* Notes.swift in Sources */ = {isa = PBXBuildFile; fileRef = 8ACD6D4D2886003C001CFD60 /* Notes.swift */; };
		8ACD6D512886005F001CFD60 /* AddNewNote.swift in Sources */ = {isa = PBXBuildFile; fileRef = 8ACD6D502886005F001CFD60 /* AddNewNote.swift */; };
/* End PBXBuildFile section */

/* Begin PBXContainerItemProxy section */
		8ACD6D272885D5A3001CFD60 /* PBXContainerItemProxy */ = {
			isa = PBXContainerItemProxy;
			containerPortal = 8ACD6D082885D5A2001CFD60 /* Project object */;
			proxyType = 1;
			remoteGlobalIDString = 8ACD6D0F2885D5A2001CFD60;
			remoteInfo = Notes;
		};
		8ACD6D312885D5A3001CFD60 /* PBXContainerItemProxy */ = {
			isa = PBXContainerItemProxy;
			containerPortal = 8ACD6D082885D5A2001CFD60 /* Project object */;
			proxyType = 1;
			remoteGlobalIDString = 8ACD6D0F2885D5A2001CFD60;
			remoteInfo = Notes;
		};
/* End PBXContainerItemProxy section */

/* Begin PBXFileReference section */
		8ACD6D102885D5A2001CFD60 /* Notes.app */ = {isa = PBXFileReference; explicitFileType = wrapper.application; includeInIndex = 0; path = Notes.app; sourceTree = BUILT_PRODUCTS_DIR; };
		8ACD6D132885D5A2001CFD60 /* AppDelegate.swift */ = {isa = PBXFileReference; lastKnownFileType = sourcecode.swift; path = AppDelegate.swift; sourceTree = "<group>"; };
		8ACD6D152885D5A2001CFD60 /* SceneDelegate.swift */ = {isa = PBXFileReference; lastKnownFileType = sourcecode.swift; path = SceneDelegate.swift; sourceTree = "<group>"; };
		8ACD6D172885D5A2001CFD60 /* NotesViewController.swift */ = {isa = PBXFileReference; lastKnownFileType = sourcecode.swift; path = NotesViewController.swift; sourceTree = "<group>"; };
		8ACD6D1A2885D5A2001CFD60 /* Base */ = {isa = PBXFileReference; lastKnownFileType = file.storyboard; name = Base; path = Base.lproj/Main.storyboard; sourceTree = "<group>"; };
		8ACD6D1C2885D5A3001CFD60 /* Assets.xcassets */ = {isa = PBXFileReference; lastKnownFileType = folder.assetcatalog; path = Assets.xcassets; sourceTree = "<group>"; };
		8ACD6D1F2885D5A3001CFD60 /* Base */ = {isa = PBXFileReference; lastKnownFileType = file.storyboard; name = Base; path = Base.lproj/LaunchScreen.storyboard; sourceTree = "<group>"; };
		8ACD6D212885D5A3001CFD60 /* Info.plist */ = {isa = PBXFileReference; lastKnownFileType = text.plist.xml; path = Info.plist; sourceTree = "<group>"; };
		8ACD6D262885D5A3001CFD60 /* NotesTests.xctest */ = {isa = PBXFileReference; explicitFileType = wrapper.cfbundle; includeInIndex = 0; path = NotesTests.xctest; sourceTree = BUILT_PRODUCTS_DIR; };
		8ACD6D2A2885D5A3001CFD60 /* NotesTests.swift */ = {isa = PBXFileReference; lastKnownFileType = sourcecode.swift; path = NotesTests.swift; sourceTree = "<group>"; };
		8ACD6D302885D5A3001CFD60 /* NotesUITests.xctest */ = {isa = PBXFileReference; explicitFileType = wrapper.cfbundle; includeInIndex = 0; path = NotesUITests.xctest; sourceTree = BUILT_PRODUCTS_DIR; };
		8ACD6D342885D5A3001CFD60 /* NotesUITests.swift */ = {isa = PBXFileReference; lastKnownFileType = sourcecode.swift; path = NotesUITests.swift; sourceTree = "<group>"; };
		8ACD6D362885D5A3001CFD60 /* NotesUITestsLaunchTests.swift */ = {isa = PBXFileReference; lastKnownFileType = sourcecode.swift; path = NotesUITestsLaunchTests.swift; sourceTree = "<group>"; };
		8ACD6D432885D64D001CFD60 /* NotesListCell.swift */ = {isa = PBXFileReference; lastKnownFileType = sourcecode.swift; path = NotesListCell.swift; sourceTree = "<group>"; };
		8ACD6D442885D64D001CFD60 /* NotesListCell.xib */ = {isa = PBXFileReference; lastKnownFileType = file.xib; path = NotesListCell.xib; sourceTree = "<group>"; };
		8ACD6D472885D8C6001CFD60 /* NoteDetailsViewController.swift */ = {isa = PBXFileReference; lastKnownFileType = sourcecode.swift; path = NoteDetailsViewController.swift; sourceTree = "<group>"; };
		8ACD6D4A2886001E001CFD60 /* NotesManager.swift */ = {isa = PBXFileReference; lastKnownFileType = sourcecode.swift; path = NotesManager.swift; sourceTree = "<group>"; };
		8ACD6D4D2886003C001CFD60 /* Notes.swift */ = {isa = PBXFileReference; lastKnownFileType = sourcecode.swift; path = Notes.swift; sourceTree = "<group>"; };
		8ACD6D502886005F001CFD60 /* AddNewNote.swift */ = {isa = PBXFileReference; lastKnownFileType = sourcecode.swift; path = AddNewNote.swift; sourceTree = "<group>"; };
/* End PBXFileReference section */

/* Begin PBXFrameworksBuildPhase section */
		8ACD6D0D2885D5A2001CFD60 /* Frameworks */ = {
			isa = PBXFrameworksBuildPhase;
			buildActionMask = 2147483647;
			files = (
			);
			runOnlyForDeploymentPostprocessing = 0;
		};
		8ACD6D232885D5A3001CFD60 /* Frameworks */ = {
			isa = PBXFrameworksBuildPhase;
			buildActionMask = 2147483647;
			files = (
			);
			runOnlyForDeploymentPostprocessing = 0;
		};
		8ACD6D2D2885D5A3001CFD60 /* Frameworks */ = {
			isa = PBXFrameworksBuildPhase;
			buildActionMask = 2147483647;
			files = (
			);
			runOnlyForDeploymentPostprocessing = 0;
		};
/* End PBXFrameworksBuildPhase section */

/* Begin PBXGroup section */
		8ACD6D072885D5A2001CFD60 = {
			isa = PBXGroup;
			children = (
				8ACD6D122885D5A2001CFD60 /* Notes */,
				8ACD6D292885D5A3001CFD60 /* NotesTests */,
				8ACD6D332885D5A3001CFD60 /* NotesUITests */,
				8ACD6D112885D5A2001CFD60 /* Products */,
			);
			sourceTree = "<group>";
		};
		8ACD6D112885D5A2001CFD60 /* Products */ = {
			isa = PBXGroup;
			children = (
				8ACD6D102885D5A2001CFD60 /* Notes.app */,
				8ACD6D262885D5A3001CFD60 /* NotesTests.xctest */,
				8ACD6D302885D5A3001CFD60 /* NotesUITests.xctest */,
			);
			name = Products;
			sourceTree = "<group>";
		};
		8ACD6D122885D5A2001CFD60 /* Notes */ = {
			isa = PBXGroup;
			children = (
				8ACD6D5328860075001CFD60 /* Controllers */,
				8ACD6D5228860070001CFD60 /* Cells */,
				8ACD6D542886007A001CFD60 /* Views */,
				8ACD6D4C2886002D001CFD60 /* Models */,
				8ACD6D4928860010001CFD60 /* Managers */,
				8ACD6D5528860091001CFD60 /* Resources */,
				8ACD6D4F28860048001CFD60 /* Delegates */,
				8ACD6D212885D5A3001CFD60 /* Info.plist */,
			);
			path = Notes;
			sourceTree = "<group>";
		};
		8ACD6D292885D5A3001CFD60 /* NotesTests */ = {
			isa = PBXGroup;
			children = (
				8ACD6D2A2885D5A3001CFD60 /* NotesTests.swift */,
			);
			path = NotesTests;
			sourceTree = "<group>";
		};
		8ACD6D332885D5A3001CFD60 /* NotesUITests */ = {
			isa = PBXGroup;
			children = (
				8ACD6D342885D5A3001CFD60 /* NotesUITests.swift */,
				8ACD6D362885D5A3001CFD60 /* NotesUITestsLaunchTests.swift */,
			);
			path = NotesUITests;
			sourceTree = "<group>";
		};
		8ACD6D4928860010001CFD60 /* Managers */ = {
			isa = PBXGroup;
			children = (
				8ACD6D4A2886001E001CFD60 /* NotesManager.swift */,
			);
			path = Managers;
			sourceTree = "<group>";
		};
		8ACD6D4C2886002D001CFD60 /* Models */ = {
			isa = PBXGroup;
			children = (
				8ACD6D4D2886003C001CFD60 /* Notes.swift */,
			);
			path = Models;
			sourceTree = "<group>";
		};
		8ACD6D4F28860048001CFD60 /* Delegates */ = {
			isa = PBXGroup;
			children = (
				8ACD6D132885D5A2001CFD60 /* AppDelegate.swift */,
				8ACD6D152885D5A2001CFD60 /* SceneDelegate.swift */,
				8ACD6D502886005F001CFD60 /* AddNewNote.swift */,
			);
			path = Delegates;
			sourceTree = "<group>";
		};
		8ACD6D5228860070001CFD60 /* Cells */ = {
			isa = PBXGroup;
			children = (
				8ACD6D432885D64D001CFD60 /* NotesListCell.swift */,
			);
			path = Cells;
			sourceTree = "<group>";
		};
		8ACD6D5328860075001CFD60 /* Controllers */ = {
			isa = PBXGroup;
			children = (
				8ACD6D172885D5A2001CFD60 /* NotesViewController.swift */,
				8ACD6D472885D8C6001CFD60 /* NoteDetailsViewController.swift */,
			);
			path = Controllers;
			sourceTree = "<group>";
		};
		8ACD6D542886007A001CFD60 /* Views */ = {
			isa = PBXGroup;
			children = (
				8ACD6D192885D5A2001CFD60 /* Main.storyboard */,
				8ACD6D1E2885D5A3001CFD60 /* LaunchScreen.storyboard */,
				8ACD6D442885D64D001CFD60 /* NotesListCell.xib */,
			);
			path = Views;
			sourceTree = "<group>";
		};
		8ACD6D5528860091001CFD60 /* Resources */ = {
			isa = PBXGroup;
			children = (
				8ACD6D1C2885D5A3001CFD60 /* Assets.xcassets */,
			);
			path = Resources;
			sourceTree = "<group>";
		};
/* End PBXGroup section */

/* Begin PBXNativeTarget section */
		8ACD6D0F2885D5A2001CFD60 /* Notes */ = {
			isa = PBXNativeTarget;
			buildConfigurationList = 8ACD6D3A2885D5A3001CFD60 /* Build configuration list for PBXNativeTarget "Notes" */;
			buildPhases = (
				8ACD6D0C2885D5A2001CFD60 /* Sources */,
				8ACD6D0D2885D5A2001CFD60 /* Frameworks */,
				8ACD6D0E2885D5A2001CFD60 /* Resources */,
			);
			buildRules = (
			);
			dependencies = (
			);
			name = Notes;
			productName = Notes;
			productReference = 8ACD6D102885D5A2001CFD60 /* Notes.app */;
			productType = "com.apple.product-type.application";
		};
		8ACD6D252885D5A3001CFD60 /* NotesTests */ = {
			isa = PBXNativeTarget;
			buildConfigurationList = 8ACD6D3D2885D5A3001CFD60 /* Build configuration list for PBXNativeTarget "NotesTests" */;
			buildPhases = (
				8ACD6D222885D5A3001CFD60 /* Sources */,
				8ACD6D232885D5A3001CFD60 /* Frameworks */,
				8ACD6D242885D5A3001CFD60 /* Resources */,
			);
			buildRules = (
			);
			dependencies = (
				8ACD6D282885D5A3001CFD60 /* PBXTargetDependency */,
			);
			name = NotesTests;
			productName = NotesTests;
			productReference = 8ACD6D262885D5A3001CFD60 /* NotesTests.xctest */;
			productType = "com.apple.product-type.bundle.unit-test";
		};
		8ACD6D2F2885D5A3001CFD60 /* NotesUITests */ = {
			isa = PBXNativeTarget;
			buildConfigurationList = 8ACD6D402885D5A3001CFD60 /* Build configuration list for PBXNativeTarget "NotesUITests" */;
			buildPhases = (
				8ACD6D2C2885D5A3001CFD60 /* Sources */,
				8ACD6D2D2885D5A3001CFD60 /* Frameworks */,
				8ACD6D2E2885D5A3001CFD60 /* Resources */,
			);
			buildRules = (
			);
			dependencies = (
				8ACD6D322885D5A3001CFD60 /* PBXTargetDependency */,
			);
			name = NotesUITests;
			productName = NotesUITests;
			productReference = 8ACD6D302885D5A3001CFD60 /* NotesUITests.xctest */;
			productType = "com.apple.product-type.bundle.ui-testing";
		};
/* End PBXNativeTarget section */

/* Begin PBXProject section */
		8ACD6D082885D5A2001CFD60 /* Project object */ = {
			isa = PBXProject;
			attributes = {
				BuildIndependentTargetsInParallel = 1;
				LastSwiftUpdateCheck = 1340;
				LastUpgradeCheck = 1340;
				TargetAttributes = {
					8ACD6D0F2885D5A2001CFD60 = {
						CreatedOnToolsVersion = 13.4.1;
					};
					8ACD6D252885D5A3001CFD60 = {
						CreatedOnToolsVersion = 13.4.1;
						TestTargetID = 8ACD6D0F2885D5A2001CFD60;
					};
					8ACD6D2F2885D5A3001CFD60 = {
						CreatedOnToolsVersion = 13.4.1;
						TestTargetID = 8ACD6D0F2885D5A2001CFD60;
					};
				};
			};
			buildConfigurationList = 8ACD6D0B2885D5A2001CFD60 /* Build configuration list for PBXProject "Notes" */;
			compatibilityVersion = "Xcode 13.0";
			developmentRegion = en;
			hasScannedForEncodings = 0;
			knownRegions = (
				en,
				Base,
			);
			mainGroup = 8ACD6D072885D5A2001CFD60;
			productRefGroup = 8ACD6D112885D5A2001CFD60 /* Products */;
			projectDirPath = "";
			projectRoot = "";
			targets = (
				8ACD6D0F2885D5A2001CFD60 /* Notes */,
				8ACD6D252885D5A3001CFD60 /* NotesTests */,
				8ACD6D2F2885D5A3001CFD60 /* NotesUITests */,
			);
		};
/* End PBXProject section */

/* Begin PBXResourcesBuildPhase section */
		8ACD6D0E2885D5A2001CFD60 /* Resources */ = {
			isa = PBXResourcesBuildPhase;
			buildActionMask = 2147483647;
			files = (
				8ACD6D202885D5A3001CFD60 /* LaunchScreen.storyboard in Resources */,
				8ACD6D1D2885D5A3001CFD60 /* Assets.xcassets in Resources */,
				8ACD6D1B2885D5A2001CFD60 /* Main.storyboard in Resources */,
				8ACD6D462885D64D001CFD60 /* NotesListCell.xib in Resources */,
			);
			runOnlyForDeploymentPostprocessing = 0;
		};
		8ACD6D242885D5A3001CFD60 /* Resources */ = {
			isa = PBXResourcesBuildPhase;
			buildActionMask = 2147483647;
			files = (
			);
			runOnlyForDeploymentPostprocessing = 0;
		};
		8ACD6D2E2885D5A3001CFD60 /* Resources */ = {
			isa = PBXResourcesBuildPhase;
			buildActionMask = 2147483647;
			files = (
			);
			runOnlyForDeploymentPostprocessing = 0;
		};
/* End PBXResourcesBuildPhase section */

/* Begin PBXSourcesBuildPhase section */
		8ACD6D0C2885D5A2001CFD60 /* Sources */ = {
			isa = PBXSourcesBuildPhase;
			buildActionMask = 2147483647;
			files = (
				8ACD6D182885D5A2001CFD60 /* NotesViewController.swift in Sources */,
				8ACD6D4E2886003C001CFD60 /* Notes.swift in Sources */,
				8ACD6D4B2886001E001CFD60 /* NotesManager.swift in Sources */,
				8ACD6D142885D5A2001CFD60 /* AppDelegate.swift in Sources */,
				8ACD6D512886005F001CFD60 /* AddNewNote.swift in Sources */,
				8ACD6D162885D5A2001CFD60 /* SceneDelegate.swift in Sources */,
				8ACD6D482885D8C6001CFD60 /* NoteDetailsViewController.swift in Sources */,
				8ACD6D452885D64D001CFD60 /* NotesListCell.swift in Sources */,
			);
			runOnlyForDeploymentPostprocessing = 0;
		};
		8ACD6D222885D5A3001CFD60 /* Sources */ = {
			isa = PBXSourcesBuildPhase;
			buildActionMask = 2147483647;
			files = (
				8ACD6D2B2885D5A3001CFD60 /* NotesTests.swift in Sources */,
			);
			runOnlyForDeploymentPostprocessing = 0;
		};
		8ACD6D2C2885D5A3001CFD60 /* Sources */ = {
			isa = PBXSourcesBuildPhase;
			buildActionMask = 2147483647;
			files = (
				8ACD6D372885D5A3001CFD60 /* NotesUITestsLaunchTests.swift in Sources */,
				8ACD6D352885D5A3001CFD60 /* NotesUITests.swift in Sources */,
			);
			runOnlyForDeploymentPostprocessing = 0;
		};
/* End PBXSourcesBuildPhase section */

/* Begin PBXTargetDependency section */
		8ACD6D282885D5A3001CFD60 /* PBXTargetDependency */ = {
			isa = PBXTargetDependency;
			target = 8ACD6D0F2885D5A2001CFD60 /* Notes */;
			targetProxy = 8ACD6D272885D5A3001CFD60 /* PBXContainerItemProxy */;
		};
		8ACD6D322885D5A3001CFD60 /* PBXTargetDependency */ = {
			isa = PBXTargetDependency;
			target = 8ACD6D0F2885D5A2001CFD60 /* Notes */;
			targetProxy = 8ACD6D312885D5A3001CFD60 /* PBXContainerItemProxy */;
		};
/* End PBXTargetDependency section */

/* Begin PBXVariantGroup section */
		8ACD6D192885D5A2001CFD60 /* Main.storyboard */ = {
			isa = PBXVariantGroup;
			children = (
				8ACD6D1A2885D5A2001CFD60 /* Base */,
			);
			name = Main.storyboard;
			sourceTree = "<group>";
		};
		8ACD6D1E2885D5A3001CFD60 /* LaunchScreen.storyboard */ = {
			isa = PBXVariantGroup;
			children = (
				8ACD6D1F2885D5A3001CFD60 /* Base */,
			);
			name = LaunchScreen.storyboard;
			sourceTree = "<group>";
		};
/* End PBXVariantGroup section */

/* Begin XCBuildConfiguration section */
		8ACD6D382885D5A3001CFD60 /* Debug */ = {
			isa = XCBuildConfiguration;
			buildSettings = {
				ALWAYS_SEARCH_USER_PATHS = NO;
				CLANG_ANALYZER_NONNULL = YES;
				CLANG_ANALYZER_NUMBER_OBJECT_CONVERSION = YES_AGGRESSIVE;
				CLANG_CXX_LANGUAGE_STANDARD = "gnu++17";
				CLANG_ENABLE_MODULES = YES;
				CLANG_ENABLE_OBJC_ARC = YES;
				CLANG_ENABLE_OBJC_WEAK = YES;
				CLANG_WARN_BLOCK_CAPTURE_AUTORELEASING = YES;
				CLANG_WARN_BOOL_CONVERSION = YES;
				CLANG_WARN_COMMA = YES;
				CLANG_WARN_CONSTANT_CONVERSION = YES;
				CLANG_WARN_DEPRECATED_OBJC_IMPLEMENTATIONS = YES;
				CLANG_WARN_DIRECT_OBJC_ISA_USAGE = YES_ERROR;
				CLANG_WARN_DOCUMENTATION_COMMENTS = YES;
				CLANG_WARN_EMPTY_BODY = YES;
				CLANG_WARN_ENUM_CONVERSION = YES;
				CLANG_WARN_INFINITE_RECURSION = YES;
				CLANG_WARN_INT_CONVERSION = YES;
				CLANG_WARN_NON_LITERAL_NULL_CONVERSION = YES;
				CLANG_WARN_OBJC_IMPLICIT_RETAIN_SELF = YES;
				CLANG_WARN_OBJC_LITERAL_CONVERSION = YES;
				CLANG_WARN_OBJC_ROOT_CLASS = YES_ERROR;
				CLANG_WARN_QUOTED_INCLUDE_IN_FRAMEWORK_HEADER = YES;
				CLANG_WARN_RANGE_LOOP_ANALYSIS = YES;
				CLANG_WARN_STRICT_PROTOTYPES = YES;
				CLANG_WARN_SUSPICIOUS_MOVE = YES;
				CLANG_WARN_UNGUARDED_AVAILABILITY = YES_AGGRESSIVE;
				CLANG_WARN_UNREACHABLE_CODE = YES;
				CLANG_WARN__DUPLICATE_METHOD_MATCH = YES;
				COPY_PHASE_STRIP = NO;
				DEBUG_INFORMATION_FORMAT = dwarf;
				ENABLE_STRICT_OBJC_MSGSEND = YES;
				ENABLE_TESTABILITY = YES;
				GCC_C_LANGUAGE_STANDARD = gnu11;
				GCC_DYNAMIC_NO_PIC = NO;
				GCC_NO_COMMON_BLOCKS = YES;
				GCC_OPTIMIZATION_LEVEL = 0;
				GCC_PREPROCESSOR_DEFINITIONS = (
					"DEBUG=1",
					"$(inherited)",
				);
				GCC_WARN_64_TO_32_BIT_CONVERSION = YES;
				GCC_WARN_ABOUT_RETURN_TYPE = YES_ERROR;
				GCC_WARN_UNDECLARED_SELECTOR = YES;
				GCC_WARN_UNINITIALIZED_AUTOS = YES_AGGRESSIVE;
				GCC_WARN_UNUSED_FUNCTION = YES;
				GCC_WARN_UNUSED_VARIABLE = YES;
				IPHONEOS_DEPLOYMENT_TARGET = 15.5;
				MTL_ENABLE_DEBUG_INFO = INCLUDE_SOURCE;
				MTL_FAST_MATH = YES;
				ONLY_ACTIVE_ARCH = YES;
				SDKROOT = iphoneos;
				SWIFT_ACTIVE_COMPILATION_CONDITIONS = DEBUG;
				SWIFT_OPTIMIZATION_LEVEL = "-Onone";
			};
			name = Debug;
		};
		8ACD6D392885D5A3001CFD60 /* Release */ = {
			isa = XCBuildConfiguration;
			buildSettings = {
				ALWAYS_SEARCH_USER_PATHS = NO;
				CLANG_ANALYZER_NONNULL = YES;
				CLANG_ANALYZER_NUMBER_OBJECT_CONVERSION = YES_AGGRESSIVE;
				CLANG_CXX_LANGUAGE_STANDARD = "gnu++17";
				CLANG_ENABLE_MODULES = YES;
				CLANG_ENABLE_OBJC_ARC = YES;
				CLANG_ENABLE_OBJC_WEAK = YES;
				CLANG_WARN_BLOCK_CAPTURE_AUTORELEASING = YES;
				CLANG_WARN_BOOL_CONVERSION = YES;
				CLANG_WARN_COMMA = YES;
				CLANG_WARN_CONSTANT_CONVERSION = YES;
				CLANG_WARN_DEPRECATED_OBJC_IMPLEMENTATIONS = YES;
				CLANG_WARN_DIRECT_OBJC_ISA_USAGE = YES_ERROR;
				CLANG_WARN_DOCUMENTATION_COMMENTS = YES;
				CLANG_WARN_EMPTY_BODY = YES;
				CLANG_WARN_ENUM_CONVERSION = YES;
				CLANG_WARN_INFINITE_RECURSION = YES;
				CLANG_WARN_INT_CONVERSION = YES;
				CLANG_WARN_NON_LITERAL_NULL_CONVERSION = YES;
				CLANG_WARN_OBJC_IMPLICIT_RETAIN_SELF = YES;
				CLANG_WARN_OBJC_LITERAL_CONVERSION = YES;
				CLANG_WARN_OBJC_ROOT_CLASS = YES_ERROR;
				CLANG_WARN_QUOTED_INCLUDE_IN_FRAMEWORK_HEADER = YES;
				CLANG_WARN_RANGE_LOOP_ANALYSIS = YES;
				CLANG_WARN_STRICT_PROTOTYPES = YES;
				CLANG_WARN_SUSPICIOUS_MOVE = YES;
				CLANG_WARN_UNGUARDED_AVAILABILITY = YES_AGGRESSIVE;
				CLANG_WARN_UNREACHABLE_CODE = YES;
				CLANG_WARN__DUPLICATE_METHOD_MATCH = YES;
				COPY_PHASE_STRIP = NO;
				DEBUG_INFORMATION_FORMAT = "dwarf-with-dsym";
				ENABLE_NS_ASSERTIONS = NO;
				ENABLE_STRICT_OBJC_MSGSEND = YES;
				GCC_C_LANGUAGE_STANDARD = gnu11;
				GCC_NO_COMMON_BLOCKS = YES;
				GCC_WARN_64_TO_32_BIT_CONVERSION = YES;
				GCC_WARN_ABOUT_RETURN_TYPE = YES_ERROR;
				GCC_WARN_UNDECLARED_SELECTOR = YES;
				GCC_WARN_UNINITIALIZED_AUTOS = YES_AGGRESSIVE;
				GCC_WARN_UNUSED_FUNCTION = YES;
				GCC_WARN_UNUSED_VARIABLE = YES;
				IPHONEOS_DEPLOYMENT_TARGET = 15.5;
				MTL_ENABLE_DEBUG_INFO = NO;
				MTL_FAST_MATH = YES;
				SDKROOT = iphoneos;
				SWIFT_COMPILATION_MODE = wholemodule;
				SWIFT_OPTIMIZATION_LEVEL = "-O";
				VALIDATE_PRODUCT = YES;
			};
			name = Release;
		};
		8ACD6D3B2885D5A3001CFD60 /* Debug */ = {
			isa = XCBuildConfiguration;
			buildSettings = {
				ASSETCATALOG_COMPILER_APPICON_NAME = AppIcon;
				ASSETCATALOG_COMPILER_GLOBAL_ACCENT_COLOR_NAME = AccentColor;
				CODE_SIGN_STYLE = Automatic;
				CURRENT_PROJECT_VERSION = 1;
				DEVELOPMENT_TEAM = 6H593KJHPH;
				GENERATE_INFOPLIST_FILE = YES;
				INFOPLIST_FILE = Notes/Info.plist;
				INFOPLIST_KEY_UIApplicationSupportsIndirectInputEvents = YES;
				INFOPLIST_KEY_UILaunchStoryboardName = LaunchScreen;
				INFOPLIST_KEY_UIMainStoryboardFile = Main;
				INFOPLIST_KEY_UISupportedInterfaceOrientations_iPad = "UIInterfaceOrientationPortrait UIInterfaceOrientationPortraitUpsideDown UIInterfaceOrientationLandscapeLeft UIInterfaceOrientationLandscapeRight";
				INFOPLIST_KEY_UISupportedInterfaceOrientations_iPhone = "UIInterfaceOrientationPortrait UIInterfaceOrientationLandscapeLeft UIInterfaceOrientationLandscapeRight";
				LD_RUNPATH_SEARCH_PATHS = (
					"$(inherited)",
					"@executable_path/Frameworks",
				);
				MARKETING_VERSION = 1.0;
				PRODUCT_BUNDLE_IDENTIFIER = com.notes.Notes;
				PRODUCT_NAME = "$(TARGET_NAME)";
				SWIFT_EMIT_LOC_STRINGS = YES;
				SWIFT_VERSION = 5.0;
				TARGETED_DEVICE_FAMILY = "1,2";
			};
			name = Debug;
		};
		8ACD6D3C2885D5A3001CFD60 /* Release */ = {
			isa = XCBuildConfiguration;
			buildSettings = {
				ASSETCATALOG_COMPILER_APPICON_NAME = AppIcon;
				ASSETCATALOG_COMPILER_GLOBAL_ACCENT_COLOR_NAME = AccentColor;
				CODE_SIGN_STYLE = Automatic;
				CURRENT_PROJECT_VERSION = 1;
				DEVELOPMENT_TEAM = 6H593KJHPH;
				GENERATE_INFOPLIST_FILE = YES;
				INFOPLIST_FILE = Notes/Info.plist;
				INFOPLIST_KEY_UIApplicationSupportsIndirectInputEvents = YES;
				INFOPLIST_KEY_UILaunchStoryboardName = LaunchScreen;
				INFOPLIST_KEY_UIMainStoryboardFile = Main;
				INFOPLIST_KEY_UISupportedInterfaceOrientations_iPad = "UIInterfaceOrientationPortrait UIInterfaceOrientationPortraitUpsideDown UIInterfaceOrientationLandscapeLeft UIInterfaceOrientationLandscapeRight";
				INFOPLIST_KEY_UISupportedInterfaceOrientations_iPhone = "UIInterfaceOrientationPortrait UIInterfaceOrientationLandscapeLeft UIInterfaceOrientationLandscapeRight";
				LD_RUNPATH_SEARCH_PATHS = (
					"$(inherited)",
					"@executable_path/Frameworks",
				);
				MARKETING_VERSION = 1.0;
				PRODUCT_BUNDLE_IDENTIFIER = com.notes.Notes;
				PRODUCT_NAME = "$(TARGET_NAME)";
				SWIFT_EMIT_LOC_STRINGS = YES;
				SWIFT_VERSION = 5.0;
				TARGETED_DEVICE_FAMILY = "1,2";
			};
			name = Release;
		};
		8ACD6D3E2885D5A3001CFD60 /* Debug */ = {
			isa = XCBuildConfiguration;
			buildSettings = {
				ALWAYS_EMBED_SWIFT_STANDARD_LIBRARIES = YES;
				BUNDLE_LOADER = "$(TEST_HOST)";
				CODE_SIGN_STYLE = Automatic;
				CURRENT_PROJECT_VERSION = 1;
				DEVELOPMENT_TEAM = 6H593KJHPH;
				GENERATE_INFOPLIST_FILE = YES;
				IPHONEOS_DEPLOYMENT_TARGET = 15.5;
				MARKETING_VERSION = 1.0;
				PRODUCT_BUNDLE_IDENTIFIER = com.notes.NotesTests;
				PRODUCT_NAME = "$(TARGET_NAME)";
				SWIFT_EMIT_LOC_STRINGS = NO;
				SWIFT_VERSION = 5.0;
				TARGETED_DEVICE_FAMILY = "1,2";
				TEST_HOST = "$(BUILT_PRODUCTS_DIR)/Notes.app/Notes";
			};
			name = Debug;
		};
		8ACD6D3F2885D5A3001CFD60 /* Release */ = {
			isa = XCBuildConfiguration;
			buildSettings = {
				ALWAYS_EMBED_SWIFT_STANDARD_LIBRARIES = YES;
				BUNDLE_LOADER = "$(TEST_HOST)";
				CODE_SIGN_STYLE = Automatic;
				CURRENT_PROJECT_VERSION = 1;
				DEVELOPMENT_TEAM = 6H593KJHPH;
				GENERATE_INFOPLIST_FILE = YES;
				IPHONEOS_DEPLOYMENT_TARGET = 15.5;
				MARKETING_VERSION = 1.0;
				PRODUCT_BUNDLE_IDENTIFIER = com.notes.NotesTests;
				PRODUCT_NAME = "$(TARGET_NAME)";
				SWIFT_EMIT_LOC_STRINGS = NO;
				SWIFT_VERSION = 5.0;
				TARGETED_DEVICE_FAMILY = "1,2";
				TEST_HOST = "$(BUILT_PRODUCTS_DIR)/Notes.app/Notes";
			};
			name = Release;
		};
		8ACD6D412885D5A3001CFD60 /* Debug */ = {
			isa = XCBuildConfiguration;
			buildSettings = {
				ALWAYS_EMBED_SWIFT_STANDARD_LIBRARIES = YES;
				CODE_SIGN_STYLE = Automatic;
				CURRENT_PROJECT_VERSION = 1;
				DEVELOPMENT_TEAM = 6H593KJHPH;
				GENERATE_INFOPLIST_FILE = YES;
				MARKETING_VERSION = 1.0;
				PRODUCT_BUNDLE_IDENTIFIER = com.notes.NotesUITests;
				PRODUCT_NAME = "$(TARGET_NAME)";
				SWIFT_EMIT_LOC_STRINGS = NO;
				SWIFT_VERSION = 5.0;
				TARGETED_DEVICE_FAMILY = "1,2";
				TEST_TARGET_NAME = Notes;
			};
			name = Debug;
		};
		8ACD6D422885D5A3001CFD60 /* Release */ = {
			isa = XCBuildConfiguration;
			buildSettings = {
				ALWAYS_EMBED_SWIFT_STANDARD_LIBRARIES = YES;
				CODE_SIGN_STYLE = Automatic;
				CURRENT_PROJECT_VERSION = 1;
				DEVELOPMENT_TEAM = 6H593KJHPH;
				GENERATE_INFOPLIST_FILE = YES;
				MARKETING_VERSION = 1.0;
				PRODUCT_BUNDLE_IDENTIFIER = com.notes.NotesUITests;
				PRODUCT_NAME = "$(TARGET_NAME)";
				SWIFT_EMIT_LOC_STRINGS = NO;
				SWIFT_VERSION = 5.0;
				TARGETED_DEVICE_FAMILY = "1,2";
				TEST_TARGET_NAME = Notes;
			};
			name = Release;
		};
/* End XCBuildConfiguration section */

/* Begin XCConfigurationList section */
		8ACD6D0B2885D5A2001CFD60 /* Build configuration list for PBXProject "Notes" */ = {
			isa = XCConfigurationList;
			buildConfigurations = (
				8ACD6D382885D5A3001CFD60 /* Debug */,
				8ACD6D392885D5A3001CFD60 /* Release */,
			);
			defaultConfigurationIsVisible = 0;
			defaultConfigurationName = Release;
		};
		8ACD6D3A2885D5A3001CFD60 /* Build configuration list for PBXNativeTarget "Notes" */ = {
			isa = XCConfigurationList;
			buildConfigurations = (
				8ACD6D3B2885D5A3001CFD60 /* Debug */,
				8ACD6D3C2885D5A3001CFD60 /* Release */,
			);
			defaultConfigurationIsVisible = 0;
			defaultConfigurationName = Release;
		};
		8ACD6D3D2885D5A3001CFD60 /* Build configuration list for PBXNativeTarget "NotesTests" */ = {
			isa = XCConfigurationList;
			buildConfigurations = (
				8ACD6D3E2885D5A3001CFD60 /* Debug */,
				8ACD6D3F2885D5A3001CFD60 /* Release */,
			);
			defaultConfigurationIsVisible = 0;
			defaultConfigurationName = Release;
		};
		8ACD6D402885D5A3001CFD60 /* Build configuration list for PBXNativeTarget "NotesUITests" */ = {
			isa = XCConfigurationList;
			buildConfigurations = (
				8ACD6D412885D5A3001CFD60 /* Debug */,
				8ACD6D422885D5A3001CFD60 /* Release */,
			);
			defaultConfigurationIsVisible = 0;
			defaultConfigurationName = Release;
		};
/* End XCConfigurationList section */
	};
	rootObject = 8ACD6D082885D5A2001CFD60 /* Project object */;
}
